
Microsoft Visual Studio Solution File, Format Version 12.00
# Visual Studio Version 16
VisualStudioVersion = 16.0.30717.126
MinimumVisualStudioVersion = 10.0.40219.1
Project("{FAE04EC0-301F-11D3-BF4B-00C04F79EFBC}") = "FazenTECH.Web", "FazenTECH.Web\FazenTECH.Web.csproj", "{332C4DC7-539A-4A7C-977A-4E0A958EBF31}"
EndProject
Global
	GlobalSection(SolutionConfigurationPlatforms) = preSolution
		Debug|Any CPU = Debug|Any CPU
		Release|Any CPU = Release|Any CPU
	EndGlobalSection
	GlobalSection(ProjectConfigurationPlatforms) = postSolution
		{332C4DC7-539A-4A7C-977A-4E0A958EBF31}.Debug|Any CPU.ActiveCfg = Debug|Any CPU
		{332C4DC7-539A-4A7C-977A-4E0A958EBF31}.Debug|Any CPU.Build.0 = Debug|Any CPU
		{332C4DC7-539A-4A7C-977A-4E0A958EBF31}.Release|Any CPU.ActiveCfg = Release|Any CPU
		{332C4DC7-539A-4A7C-977A-4E0A958EBF31}.Release|Any CPU.Build.0 = Release|Any CPU
	EndGlobalSection
	GlobalSection(SolutionProperties) = preSolution
		HideSolutionNode = FALSE
	EndGlobalSection
	GlobalSection(ExtensibilityGlobals) = postSolution
		SolutionGuid = {32E8219F-F9A9-4313-BB4B-D8006522D084}
	EndGlobalSection
EndGlobal
